
Microsoft Visual Studio Solution File, Format Version 12.00
# Visual Studio Version 17
VisualStudioVersion = 17.13.35919.96 d17.13
MinimumVisualStudioVersion = 10.0.40219.1
Project("{FAE04EC0-301F-11D3-BF4B-00C04F79EFBC}") = "EsercizioGit", "EsercizioGit\EsercizioGit.csproj", "{0DB7845E-D910-4896-80F8-4CA6CA75FDCB}"
EndProject
Global
	GlobalSection(SolutionConfigurationPlatforms) = preSolution
		Debug|Any CPU = Debug|Any CPU
		Release|Any CPU = Release|Any CPU
	EndGlobalSection
	GlobalSection(ProjectConfigurationPlatforms) = postSolution
		{0DB7845E-D910-4896-80F8-4CA6CA75FDCB}.Debug|Any CPU.ActiveCfg = Debug|Any CPU
		{0DB7845E-D910-4896-80F8-4CA6CA75FDCB}.Debug|Any CPU.Build.0 = Debug|Any CPU
		{0DB7845E-D910-4896-80F8-4CA6CA75FDCB}.Release|Any CPU.ActiveCfg = Release|Any CPU
		{0DB7845E-D910-4896-80F8-4CA6CA75FDCB}.Release|Any CPU.Build.0 = Release|Any CPU
	EndGlobalSection
	GlobalSection(SolutionProperties) = preSolution
		HideSolutionNode = FALSE
	EndGlobalSection
	GlobalSection(ExtensibilityGlobals) = postSolution
		SolutionGuid = {8A347A49-A828-4642-ACD9-481B00B040A3}
	EndGlobalSection
EndGlobal
